// !$*UTF8*$!
{
	archiveVersion = 1;
	classes = {
	};
	objectVersion = 46;
	objects = {

/* Begin PBXBuildFile section */
		C71D8BE41942B62200BEABC2 /* Foundation.framework in Frameworks */ = {isa = PBXBuildFile; fileRef = C71D8BE31942B62200BEABC2 /* Foundation.framework */; };
		C71D8BE61942B62200BEABC2 /* CoreGraphics.framework in Frameworks */ = {isa = PBXBuildFile; fileRef = C71D8BE51942B62200BEABC2 /* CoreGraphics.framework */; };
		C71D8BE81942B62200BEABC2 /* UIKit.framework in Frameworks */ = {isa = PBXBuildFile; fileRef = C71D8BE71942B62200BEABC2 /* UIKit.framework */; };
		C71D8BEE1942B62200BEABC2 /* InfoPlist.strings in Resources */ = {isa = PBXBuildFile; fileRef = C71D8BEC1942B62200BEABC2 /* InfoPlist.strings */; };
		C71D8BF01942B62200BEABC2 /* main.m in Sources */ = {isa = PBXBuildFile; fileRef = C71D8BEF1942B62200BEABC2 /* main.m */; };
		C71D8BF41942B62200BEABC2 /* AppDelegate.m in Sources */ = {isa = PBXBuildFile; fileRef = C71D8BF31942B62200BEABC2 /* AppDelegate.m */; };
		C71D8BF71942B62200BEABC2 /* Main.storyboard in Resources */ = {isa = PBXBuildFile; fileRef = C71D8BF51942B62200BEABC2 /* Main.storyboard */; };
		C71D8BFC1942B62200BEABC2 /* Images.xcassets in Resources */ = {isa = PBXBuildFile; fileRef = C71D8BFB1942B62200BEABC2 /* Images.xcassets */; };
		C71D8C031942B62200BEABC2 /* XCTest.framework in Frameworks */ = {isa = PBXBuildFile; fileRef = C71D8C021942B62200BEABC2 /* XCTest.framework */; };
		C71D8C041942B62200BEABC2 /* Foundation.framework in Frameworks */ = {isa = PBXBuildFile; fileRef = C71D8BE31942B62200BEABC2 /* Foundation.framework */; };
		C71D8C051942B62200BEABC2 /* UIKit.framework in Frameworks */ = {isa = PBXBuildFile; fileRef = C71D8BE71942B62200BEABC2 /* UIKit.framework */; };
		C71D8C0D1942B62200BEABC2 /* InfoPlist.strings in Resources */ = {isa = PBXBuildFile; fileRef = C71D8C0B1942B62200BEABC2 /* InfoPlist.strings */; };
		C71D8C0F1942B62200BEABC2 /* Radar_AnimalTests.m in Sources */ = {isa = PBXBuildFile; fileRef = C71D8C0E1942B62200BEABC2 /* Radar_AnimalTests.m */; };
		C7DA91B91942BF0500691B10 /* MapKit.framework in Frameworks */ = {isa = PBXBuildFile; fileRef = C7DA91B81942BF0500691B10 /* MapKit.framework */; };
		C7DA91BC1942BFF100691B10 /* HomeVC.m in Sources */ = {isa = PBXBuildFile; fileRef = C7DA91BB1942BFF100691B10 /* HomeVC.m */; };
		C7DA91BF1942C1CA00691B10 /* NewsFeedCell.m in Sources */ = {isa = PBXBuildFile; fileRef = C7DA91BE1942C1CA00691B10 /* NewsFeedCell.m */; };
		C7DA91C11942C98900691B10 /* newsfeeds.json in Resources */ = {isa = PBXBuildFile; fileRef = C7DA91C01942C98900691B10 /* newsfeeds.json */; };
		C7DA91C41942C9E900691B10 /* Server.m in Sources */ = {isa = PBXBuildFile; fileRef = C7DA91C31942C9E900691B10 /* Server.m */; };
		C7DA91CA1942D44A00691B10 /* CuteWallVC.m in Sources */ = {isa = PBXBuildFile; fileRef = C7DA91C91942D44A00691B10 /* CuteWallVC.m */; };
		C7DA91CD1942D57700691B10 /* CuteCell.m in Sources */ = {isa = PBXBuildFile; fileRef = C7DA91CC1942D57700691B10 /* CuteCell.m */; };
		C7DA91CF1942D86400691B10 /* cutes.json in Resources */ = {isa = PBXBuildFile; fileRef = C7DA91CE1942D86400691B10 /* cutes.json */; };
		C7DA91D21942D9F600691B10 /* MapsVC.m in Sources */ = {isa = PBXBuildFile; fileRef = C7DA91D11942D9F600691B10 /* MapsVC.m */; };
		C7DA91D51942E25C00691B10 /* InsertionVC.m in Sources */ = {isa = PBXBuildFile; fileRef = C7DA91D41942E25C00691B10 /* InsertionVC.m */; };
		C7DA91D71942E49200691B10 /* CoreLocation.framework in Frameworks */ = {isa = PBXBuildFile; fileRef = C7DA91D61942E49200691B10 /* CoreLocation.framework */; };
		C7DA91DA1942E7EF00691B10 /* Annotation.m in Sources */ = {isa = PBXBuildFile; fileRef = C7DA91D91942E7EF00691B10 /* Annotation.m */; };
		C7DA91DC1943808400691B10 /* annotations.json in Resources */ = {isa = PBXBuildFile; fileRef = C7DA91DB1943808400691B10 /* annotations.json */; };
		C7DA91E31943A4AA00691B10 /* MoreInfoVC.m in Sources */ = {isa = PBXBuildFile; fileRef = C7DA91E21943A4AA00691B10 /* MoreInfoVC.m */; };
		C7DA91E61943CE8800691B10 /* SplashVC.m in Sources */ = {isa = PBXBuildFile; fileRef = C7DA91E51943CE8800691B10 /* SplashVC.m */; };
/* End PBXBuildFile section */

/* Begin PBXContainerItemProxy section */
		C71D8C061942B62200BEABC2 /* PBXContainerItemProxy */ = {
			isa = PBXContainerItemProxy;
			containerPortal = C71D8BD81942B62200BEABC2 /* Project object */;
			proxyType = 1;
			remoteGlobalIDString = C71D8BDF1942B62200BEABC2;
			remoteInfo = Radar_Animal;
		};
/* End PBXContainerItemProxy section */

/* Begin PBXFileReference section */
		C71D8BE01942B62200BEABC2 /* Radar_Animal.app */ = {isa = PBXFileReference; explicitFileType = wrapper.application; includeInIndex = 0; path = Radar_Animal.app; sourceTree = BUILT_PRODUCTS_DIR; };
		C71D8BE31942B62200BEABC2 /* Foundation.framework */ = {isa = PBXFileReference; lastKnownFileType = wrapper.framework; name = Foundation.framework; path = System/Library/Frameworks/Foundation.framework; sourceTree = SDKROOT; };
		C71D8BE51942B62200BEABC2 /* CoreGraphics.framework */ = {isa = PBXFileReference; lastKnownFileType = wrapper.framework; name = CoreGraphics.framework; path = System/Library/Frameworks/CoreGraphics.framework; sourceTree = SDKROOT; };
		C71D8BE71942B62200BEABC2 /* UIKit.framework */ = {isa = PBXFileReference; lastKnownFileType = wrapper.framework; name = UIKit.framework; path = System/Library/Frameworks/UIKit.framework; sourceTree = SDKROOT; };
		C71D8BEB1942B62200BEABC2 /* Radar_Animal-Info.plist */ = {isa = PBXFileReference; lastKnownFileType = text.plist.xml; path = "Radar_Animal-Info.plist"; sourceTree = "<group>"; };
		C71D8BED1942B62200BEABC2 /* en */ = {isa = PBXFileReference; lastKnownFileType = text.plist.strings; name = en; path = en.lproj/InfoPlist.strings; sourceTree = "<group>"; };
		C71D8BEF1942B62200BEABC2 /* main.m */ = {isa = PBXFileReference; lastKnownFileType = sourcecode.c.objc; path = main.m; sourceTree = "<group>"; };
		C71D8BF11942B62200BEABC2 /* Radar_Animal-Prefix.pch */ = {isa = PBXFileReference; lastKnownFileType = sourcecode.c.h; path = "Radar_Animal-Prefix.pch"; sourceTree = "<group>"; };
		C71D8BF21942B62200BEABC2 /* AppDelegate.h */ = {isa = PBXFileReference; lastKnownFileType = sourcecode.c.h; path = AppDelegate.h; sourceTree = "<group>"; };
		C71D8BF31942B62200BEABC2 /* AppDelegate.m */ = {isa = PBXFileReference; lastKnownFileType = sourcecode.c.objc; path = AppDelegate.m; sourceTree = "<group>"; };
		C71D8BF61942B62200BEABC2 /* Base */ = {isa = PBXFileReference; lastKnownFileType = file.storyboard; name = Base; path = Base.lproj/Main.storyboard; sourceTree = "<group>"; };
		C71D8BFB1942B62200BEABC2 /* Images.xcassets */ = {isa = PBXFileReference; lastKnownFileType = folder.assetcatalog; path = Images.xcassets; sourceTree = "<group>"; };
		C71D8C011942B62200BEABC2 /* Radar_AnimalTests.xctest */ = {isa = PBXFileReference; explicitFileType = wrapper.cfbundle; includeInIndex = 0; path = Radar_AnimalTests.xctest; sourceTree = BUILT_PRODUCTS_DIR; };
		C71D8C021942B62200BEABC2 /* XCTest.framework */ = {isa = PBXFileReference; lastKnownFileType = wrapper.framework; name = XCTest.framework; path = Library/Frameworks/XCTest.framework; sourceTree = DEVELOPER_DIR; };
		C71D8C0A1942B62200BEABC2 /* Radar_AnimalTests-Info.plist */ = {isa = PBXFileReference; lastKnownFileType = text.plist.xml; path = "Radar_AnimalTests-Info.plist"; sourceTree = "<group>"; };
		C71D8C0C1942B62200BEABC2 /* en */ = {isa = PBXFileReference; lastKnownFileType = text.plist.strings; name = en; path = en.lproj/InfoPlist.strings; sourceTree = "<group>"; };
		C71D8C0E1942B62200BEABC2 /* Radar_AnimalTests.m */ = {isa = PBXFileReference; lastKnownFileType = sourcecode.c.objc; path = Radar_AnimalTests.m; sourceTree = "<group>"; };
		C7DA91B81942BF0500691B10 /* MapKit.framework */ = {isa = PBXFileReference; lastKnownFileType = wrapper.framework; name = MapKit.framework; path = System/Library/Frameworks/MapKit.framework; sourceTree = SDKROOT; };
		C7DA91BA1942BFF100691B10 /* HomeVC.h */ = {isa = PBXFileReference; fileEncoding = 4; lastKnownFileType = sourcecode.c.h; path = HomeVC.h; sourceTree = "<group>"; };
		C7DA91BB1942BFF100691B10 /* HomeVC.m */ = {isa = PBXFileReference; fileEncoding = 4; lastKnownFileType = sourcecode.c.objc; path = HomeVC.m; sourceTree = "<group>"; };
		C7DA91BD1942C1CA00691B10 /* NewsFeedCell.h */ = {isa = PBXFileReference; fileEncoding = 4; lastKnownFileType = sourcecode.c.h; path = NewsFeedCell.h; sourceTree = "<group>"; };
		C7DA91BE1942C1CA00691B10 /* NewsFeedCell.m */ = {isa = PBXFileReference; fileEncoding = 4; lastKnownFileType = sourcecode.c.objc; path = NewsFeedCell.m; sourceTree = "<group>"; };
		C7DA91C01942C98900691B10 /* newsfeeds.json */ = {isa = PBXFileReference; fileEncoding = 4; lastKnownFileType = text.json; path = newsfeeds.json; sourceTree = "<group>"; };
		C7DA91C21942C9E900691B10 /* Server.h */ = {isa = PBXFileReference; fileEncoding = 4; lastKnownFileType = sourcecode.c.h; path = Server.h; sourceTree = "<group>"; };
		C7DA91C31942C9E900691B10 /* Server.m */ = {isa = PBXFileReference; fileEncoding = 4; lastKnownFileType = sourcecode.c.objc; path = Server.m; sourceTree = "<group>"; };
		C7DA91C81942D44A00691B10 /* CuteWallVC.h */ = {isa = PBXFileReference; fileEncoding = 4; lastKnownFileType = sourcecode.c.h; path = CuteWallVC.h; sourceTree = "<group>"; };
		C7DA91C91942D44A00691B10 /* CuteWallVC.m */ = {isa = PBXFileReference; fileEncoding = 4; lastKnownFileType = sourcecode.c.objc; path = CuteWallVC.m; sourceTree = "<group>"; };
		C7DA91CB1942D57700691B10 /* CuteCell.h */ = {isa = PBXFileReference; fileEncoding = 4; lastKnownFileType = sourcecode.c.h; path = CuteCell.h; sourceTree = "<group>"; };
		C7DA91CC1942D57700691B10 /* CuteCell.m */ = {isa = PBXFileReference; fileEncoding = 4; lastKnownFileType = sourcecode.c.objc; path = CuteCell.m; sourceTree = "<group>"; };
		C7DA91CE1942D86400691B10 /* cutes.json */ = {isa = PBXFileReference; fileEncoding = 4; lastKnownFileType = text.json; path = cutes.json; sourceTree = "<group>"; };
		C7DA91D01942D9F600691B10 /* MapsVC.h */ = {isa = PBXFileReference; fileEncoding = 4; lastKnownFileType = sourcecode.c.h; path = MapsVC.h; sourceTree = "<group>"; };
		C7DA91D11942D9F600691B10 /* MapsVC.m */ = {isa = PBXFileReference; fileEncoding = 4; lastKnownFileType = sourcecode.c.objc; path = MapsVC.m; sourceTree = "<group>"; };
		C7DA91D31942E25C00691B10 /* InsertionVC.h */ = {isa = PBXFileReference; fileEncoding = 4; lastKnownFileType = sourcecode.c.h; path = InsertionVC.h; sourceTree = "<group>"; };
		C7DA91D41942E25C00691B10 /* InsertionVC.m */ = {isa = PBXFileReference; fileEncoding = 4; lastKnownFileType = sourcecode.c.objc; path = InsertionVC.m; sourceTree = "<group>"; };
		C7DA91D61942E49200691B10 /* CoreLocation.framework */ = {isa = PBXFileReference; lastKnownFileType = wrapper.framework; name = CoreLocation.framework; path = System/Library/Frameworks/CoreLocation.framework; sourceTree = SDKROOT; };
		C7DA91D81942E7EF00691B10 /* Annotation.h */ = {isa = PBXFileReference; fileEncoding = 4; lastKnownFileType = sourcecode.c.h; path = Annotation.h; sourceTree = "<group>"; };
		C7DA91D91942E7EF00691B10 /* Annotation.m */ = {isa = PBXFileReference; fileEncoding = 4; lastKnownFileType = sourcecode.c.objc; path = Annotation.m; sourceTree = "<group>"; };
		C7DA91DB1943808400691B10 /* annotations.json */ = {isa = PBXFileReference; fileEncoding = 4; lastKnownFileType = text.json; path = annotations.json; sourceTree = "<group>"; };
		C7DA91E11943A4AA00691B10 /* MoreInfoVC.h */ = {isa = PBXFileReference; fileEncoding = 4; lastKnownFileType = sourcecode.c.h; path = MoreInfoVC.h; sourceTree = "<group>"; };
		C7DA91E21943A4AA00691B10 /* MoreInfoVC.m */ = {isa = PBXFileReference; fileEncoding = 4; lastKnownFileType = sourcecode.c.objc; path = MoreInfoVC.m; sourceTree = "<group>"; };
		C7DA91E41943CE8800691B10 /* SplashVC.h */ = {isa = PBXFileReference; fileEncoding = 4; lastKnownFileType = sourcecode.c.h; path = SplashVC.h; sourceTree = "<group>"; };
		C7DA91E51943CE8800691B10 /* SplashVC.m */ = {isa = PBXFileReference; fileEncoding = 4; lastKnownFileType = sourcecode.c.objc; path = SplashVC.m; sourceTree = "<group>"; };
/* End PBXFileReference section */

/* Begin PBXFrameworksBuildPhase section */
		C71D8BDD1942B62200BEABC2 /* Frameworks */ = {
			isa = PBXFrameworksBuildPhase;
			buildActionMask = 2147483647;
			files = (
				C7DA91D71942E49200691B10 /* CoreLocation.framework in Frameworks */,
				C7DA91B91942BF0500691B10 /* MapKit.framework in Frameworks */,
				C71D8BE61942B62200BEABC2 /* CoreGraphics.framework in Frameworks */,
				C71D8BE81942B62200BEABC2 /* UIKit.framework in Frameworks */,
				C71D8BE41942B62200BEABC2 /* Foundation.framework in Frameworks */,
			);
			runOnlyForDeploymentPostprocessing = 0;
		};
		C71D8BFE1942B62200BEABC2 /* Frameworks */ = {
			isa = PBXFrameworksBuildPhase;
			buildActionMask = 2147483647;
			files = (
				C71D8C031942B62200BEABC2 /* XCTest.framework in Frameworks */,
				C71D8C051942B62200BEABC2 /* UIKit.framework in Frameworks */,
				C71D8C041942B62200BEABC2 /* Foundation.framework in Frameworks */,
			);
			runOnlyForDeploymentPostprocessing = 0;
		};
/* End PBXFrameworksBuildPhase section */

/* Begin PBXGroup section */
		C71D8BD71942B62200BEABC2 = {
			isa = PBXGroup;
			children = (
				C71D8BE91942B62200BEABC2 /* Radar_Animal */,
				C71D8C081942B62200BEABC2 /* Radar_AnimalTests */,
				C71D8BE21942B62200BEABC2 /* Frameworks */,
				C71D8BE11942B62200BEABC2 /* Products */,
			);
			sourceTree = "<group>";
		};
		C71D8BE11942B62200BEABC2 /* Products */ = {
			isa = PBXGroup;
			children = (
				C71D8BE01942B62200BEABC2 /* Radar_Animal.app */,
				C71D8C011942B62200BEABC2 /* Radar_AnimalTests.xctest */,
			);
			name = Products;
			sourceTree = "<group>";
		};
		C71D8BE21942B62200BEABC2 /* Frameworks */ = {
			isa = PBXGroup;
			children = (
				C7DA91D61942E49200691B10 /* CoreLocation.framework */,
				C7DA91B81942BF0500691B10 /* MapKit.framework */,
				C71D8BE31942B62200BEABC2 /* Foundation.framework */,
				C71D8BE51942B62200BEABC2 /* CoreGraphics.framework */,
				C71D8BE71942B62200BEABC2 /* UIKit.framework */,
				C71D8C021942B62200BEABC2 /* XCTest.framework */,
			);
			name = Frameworks;
			sourceTree = "<group>";
		};
		C71D8BE91942B62200BEABC2 /* Radar_Animal */ = {
			isa = PBXGroup;
			children = (
				C7DA91C61942CA0C00691B10 /* View */,
				C7DA91C51942C9F900691B10 /* Model */,
				C7DA91C71942CA1200691B10 /* Controller */,
				C71D8BFB1942B62200BEABC2 /* Images.xcassets */,
				C71D8BEA1942B62200BEABC2 /* Supporting Files */,
			);
			path = Radar_Animal;
			sourceTree = "<group>";
		};
		C71D8BEA1942B62200BEABC2 /* Supporting Files */ = {
			isa = PBXGroup;
			children = (
				C7DA91DD194383A300691B10 /* DataSource */,
				C71D8BF21942B62200BEABC2 /* AppDelegate.h */,
				C71D8BF31942B62200BEABC2 /* AppDelegate.m */,
				C71D8BEB1942B62200BEABC2 /* Radar_Animal-Info.plist */,
				C71D8BEC1942B62200BEABC2 /* InfoPlist.strings */,
				C71D8BEF1942B62200BEABC2 /* main.m */,
				C71D8BF11942B62200BEABC2 /* Radar_Animal-Prefix.pch */,
			);
			name = "Supporting Files";
			sourceTree = "<group>";
		};
		C71D8C081942B62200BEABC2 /* Radar_AnimalTests */ = {
			isa = PBXGroup;
			children = (
				C71D8C0E1942B62200BEABC2 /* Radar_AnimalTests.m */,
				C71D8C091942B62200BEABC2 /* Supporting Files */,
			);
			path = Radar_AnimalTests;
			sourceTree = "<group>";
		};
		C71D8C091942B62200BEABC2 /* Supporting Files */ = {
			isa = PBXGroup;
			children = (
				C71D8C0A1942B62200BEABC2 /* Radar_AnimalTests-Info.plist */,
				C71D8C0B1942B62200BEABC2 /* InfoPlist.strings */,
			);
			name = "Supporting Files";
			sourceTree = "<group>";
		};
		C7DA91C51942C9F900691B10 /* Model */ = {
			isa = PBXGroup;
			children = (
				C7DA91C21942C9E900691B10 /* Server.h */,
				C7DA91C31942C9E900691B10 /* Server.m */,
				C7DA91D81942E7EF00691B10 /* Annotation.h */,
				C7DA91D91942E7EF00691B10 /* Annotation.m */,
			);
			name = Model;
			sourceTree = "<group>";
		};
		C7DA91C61942CA0C00691B10 /* View */ = {
			isa = PBXGroup;
			children = (
				C71D8BF51942B62200BEABC2 /* Main.storyboard */,
				C7DA91BD1942C1CA00691B10 /* NewsFeedCell.h */,
				C7DA91BE1942C1CA00691B10 /* NewsFeedCell.m */,
				C7DA91CB1942D57700691B10 /* CuteCell.h */,
				C7DA91CC1942D57700691B10 /* CuteCell.m */,
			);
			name = View;
			sourceTree = "<group>";
		};
		C7DA91C71942CA1200691B10 /* Controller */ = {
			isa = PBXGroup;
			children = (
				C7DA91BA1942BFF100691B10 /* HomeVC.h */,
				C7DA91BB1942BFF100691B10 /* HomeVC.m */,
				C7DA91C81942D44A00691B10 /* CuteWallVC.h */,
				C7DA91C91942D44A00691B10 /* CuteWallVC.m */,
				C7DA91E11943A4AA00691B10 /* MoreInfoVC.h */,
				C7DA91E21943A4AA00691B10 /* MoreInfoVC.m */,
				C7DA91D01942D9F600691B10 /* MapsVC.h */,
				C7DA91D11942D9F600691B10 /* MapsVC.m */,
				C7DA91D31942E25C00691B10 /* InsertionVC.h */,
				C7DA91D41942E25C00691B10 /* InsertionVC.m */,
				C7DA91E41943CE8800691B10 /* SplashVC.h */,
				C7DA91E51943CE8800691B10 /* SplashVC.m */,
			);
			name = Controller;
			sourceTree = "<group>";
		};
		C7DA91DD194383A300691B10 /* DataSource */ = {
			isa = PBXGroup;
			children = (
				C7DA91DB1943808400691B10 /* annotations.json */,
				C7DA91CE1942D86400691B10 /* cutes.json */,
				C7DA91C01942C98900691B10 /* newsfeeds.json */,
			);
			name = DataSource;
			sourceTree = "<group>";
		};
/* End PBXGroup section */

/* Begin PBXNativeTarget section */
		C71D8BDF1942B62200BEABC2 /* Radar_Animal */ = {
			isa = PBXNativeTarget;
			buildConfigurationList = C71D8C121942B62200BEABC2 /* Build configuration list for PBXNativeTarget "Radar_Animal" */;
			buildPhases = (
				C71D8BDC1942B62200BEABC2 /* Sources */,
				C71D8BDD1942B62200BEABC2 /* Frameworks */,
				C71D8BDE1942B62200BEABC2 /* Resources */,
			);
			buildRules = (
			);
			dependencies = (
			);
			name = Radar_Animal;
			productName = Radar_Animal;
			productReference = C71D8BE01942B62200BEABC2 /* Radar_Animal.app */;
			productType = "com.apple.product-type.application";
		};
		C71D8C001942B62200BEABC2 /* Radar_AnimalTests */ = {
			isa = PBXNativeTarget;
			buildConfigurationList = C71D8C151942B62200BEABC2 /* Build configuration list for PBXNativeTarget "Radar_AnimalTests" */;
			buildPhases = (
				C71D8BFD1942B62200BEABC2 /* Sources */,
				C71D8BFE1942B62200BEABC2 /* Frameworks */,
				C71D8BFF1942B62200BEABC2 /* Resources */,
			);
			buildRules = (
			);
			dependencies = (
				C71D8C071942B62200BEABC2 /* PBXTargetDependency */,
			);
			name = Radar_AnimalTests;
			productName = Radar_AnimalTests;
			productReference = C71D8C011942B62200BEABC2 /* Radar_AnimalTests.xctest */;
			productType = "com.apple.product-type.bundle.unit-test";
		};
/* End PBXNativeTarget section */

/* Begin PBXProject section */
		C71D8BD81942B62200BEABC2 /* Project object */ = {
			isa = PBXProject;
			attributes = {
				LastUpgradeCheck = 0510;
				ORGANIZATIONNAME = "Guilherme Andrade";
				TargetAttributes = {
					C71D8C001942B62200BEABC2 = {
						TestTargetID = C71D8BDF1942B62200BEABC2;
					};
				};
			};
			buildConfigurationList = C71D8BDB1942B62200BEABC2 /* Build configuration list for PBXProject "Radar_Animal" */;
			compatibilityVersion = "Xcode 3.2";
			developmentRegion = English;
			hasScannedForEncodings = 0;
			knownRegions = (
				en,
				Base,
			);
			mainGroup = C71D8BD71942B62200BEABC2;
			productRefGroup = C71D8BE11942B62200BEABC2 /* Products */;
			projectDirPath = "";
			projectRoot = "";
			targets = (
				C71D8BDF1942B62200BEABC2 /* Radar_Animal */,
				C71D8C001942B62200BEABC2 /* Radar_AnimalTests */,
			);
		};
/* End PBXProject section */

/* Begin PBXResourcesBuildPhase section */
		C71D8BDE1942B62200BEABC2 /* Resources */ = {
			isa = PBXResourcesBuildPhase;
			buildActionMask = 2147483647;
			files = (
				C7DA91DC1943808400691B10 /* annotations.json in Resources */,
				C71D8BFC1942B62200BEABC2 /* Images.xcassets in Resources */,
				C7DA91CF1942D86400691B10 /* cutes.json in Resources */,
				C71D8BEE1942B62200BEABC2 /* InfoPlist.strings in Resources */,
				C7DA91C11942C98900691B10 /* newsfeeds.json in Resources */,
				C71D8BF71942B62200BEABC2 /* Main.storyboard in Resources */,
			);
			runOnlyForDeploymentPostprocessing = 0;
		};
		C71D8BFF1942B62200BEABC2 /* Resources */ = {
			isa = PBXResourcesBuildPhase;
			buildActionMask = 2147483647;
			files = (
				C71D8C0D1942B62200BEABC2 /* InfoPlist.strings in Resources */,
			);
			runOnlyForDeploymentPostprocessing = 0;
		};
/* End PBXResourcesBuildPhase section */

/* Begin PBXSourcesBuildPhase section */
		C71D8BDC1942B62200BEABC2 /* Sources */ = {
			isa = PBXSourcesBuildPhase;
			buildActionMask = 2147483647;
			files = (
				C7DA91DA1942E7EF00691B10 /* Annotation.m in Sources */,
				C7DA91E61943CE8800691B10 /* SplashVC.m in Sources */,
				C7DA91BC1942BFF100691B10 /* HomeVC.m in Sources */,
				C7DA91CA1942D44A00691B10 /* CuteWallVC.m in Sources */,
				C7DA91D51942E25C00691B10 /* InsertionVC.m in Sources */,
				C71D8BF41942B62200BEABC2 /* AppDelegate.m in Sources */,
				C7DA91CD1942D57700691B10 /* CuteCell.m in Sources */,
				C7DA91BF1942C1CA00691B10 /* NewsFeedCell.m in Sources */,
				C7DA91D21942D9F600691B10 /* MapsVC.m in Sources */,
				C7DA91E31943A4AA00691B10 /* MoreInfoVC.m in Sources */,
				C71D8BF01942B62200BEABC2 /* main.m in Sources */,
				C7DA91C41942C9E900691B10 /* Server.m in Sources */,
			);
			runOnlyForDeploymentPostprocessing = 0;
		};
		C71D8BFD1942B62200BEABC2 /* Sources */ = {
			isa = PBXSourcesBuildPhase;
			buildActionMask = 2147483647;
			files = (
				C71D8C0F1942B62200BEABC2 /* Radar_AnimalTests.m in Sources */,
			);
			runOnlyForDeploymentPostprocessing = 0;
		};
/* End PBXSourcesBuildPhase section */

/* Begin PBXTargetDependency section */
		C71D8C071942B62200BEABC2 /* PBXTargetDependency */ = {
			isa = PBXTargetDependency;
			target = C71D8BDF1942B62200BEABC2 /* Radar_Animal */;
			targetProxy = C71D8C061942B62200BEABC2 /* PBXContainerItemProxy */;
		};
/* End PBXTargetDependency section */

/* Begin PBXVariantGroup section */
		C71D8BEC1942B62200BEABC2 /* InfoPlist.strings */ = {
			isa = PBXVariantGroup;
			children = (
				C71D8BED1942B62200BEABC2 /* en */,
			);
			name = InfoPlist.strings;
			sourceTree = "<group>";
		};
		C71D8BF51942B62200BEABC2 /* Main.storyboard */ = {
			isa = PBXVariantGroup;
			children = (
				C71D8BF61942B62200BEABC2 /* Base */,
			);
			name = Main.storyboard;
			sourceTree = "<group>";
		};
		C71D8C0B1942B62200BEABC2 /* InfoPlist.strings */ = {
			isa = PBXVariantGroup;
			children = (
				C71D8C0C1942B62200BEABC2 /* en */,
			);
			name = InfoPlist.strings;
			sourceTree = "<group>";
		};
/* End PBXVariantGroup section */

/* Begin XCBuildConfiguration section */
		C71D8C101942B62200BEABC2 /* Debug */ = {
			isa = XCBuildConfiguration;
			buildSettings = {
				ALWAYS_SEARCH_USER_PATHS = NO;
				CLANG_CXX_LANGUAGE_STANDARD = "gnu++0x";
				CLANG_CXX_LIBRARY = "libc++";
				CLANG_ENABLE_MODULES = YES;
				CLANG_ENABLE_OBJC_ARC = YES;
				CLANG_WARN_BOOL_CONVERSION = YES;
				CLANG_WARN_CONSTANT_CONVERSION = YES;
				CLANG_WARN_DIRECT_OBJC_ISA_USAGE = YES_ERROR;
				CLANG_WARN_EMPTY_BODY = YES;
				CLANG_WARN_ENUM_CONVERSION = YES;
				CLANG_WARN_INT_CONVERSION = YES;
				CLANG_WARN_OBJC_ROOT_CLASS = YES_ERROR;
				CLANG_WARN__DUPLICATE_METHOD_MATCH = YES;
				"CODE_SIGN_IDENTITY[sdk=iphoneos*]" = "iPhone Developer";
				COPY_PHASE_STRIP = NO;
				GCC_C_LANGUAGE_STANDARD = gnu99;
				GCC_DYNAMIC_NO_PIC = NO;
				GCC_OPTIMIZATION_LEVEL = 0;
				GCC_PREPROCESSOR_DEFINITIONS = (
					"DEBUG=1",
					"$(inherited)",
				);
				GCC_SYMBOLS_PRIVATE_EXTERN = NO;
				GCC_WARN_64_TO_32_BIT_CONVERSION = YES;
				GCC_WARN_ABOUT_RETURN_TYPE = YES_ERROR;
				GCC_WARN_UNDECLARED_SELECTOR = YES;
				GCC_WARN_UNINITIALIZED_AUTOS = YES_AGGRESSIVE;
				GCC_WARN_UNUSED_FUNCTION = YES;
				GCC_WARN_UNUSED_VARIABLE = YES;
				IPHONEOS_DEPLOYMENT_TARGET = 7.1;
				ONLY_ACTIVE_ARCH = YES;
				SDKROOT = iphoneos;
			};
			name = Debug;
		};
		C71D8C111942B62200BEABC2 /* Release */ = {
			isa = XCBuildConfiguration;
			buildSettings = {
				ALWAYS_SEARCH_USER_PATHS = NO;
				CLANG_CXX_LANGUAGE_STANDARD = "gnu++0x";
				CLANG_CXX_LIBRARY = "libc++";
				CLANG_ENABLE_MODULES = YES;
				CLANG_ENABLE_OBJC_ARC = YES;
				CLANG_WARN_BOOL_CONVERSION = YES;
				CLANG_WARN_CONSTANT_CONVERSION = YES;
				CLANG_WARN_DIRECT_OBJC_ISA_USAGE = YES_ERROR;
				CLANG_WARN_EMPTY_BODY = YES;
				CLANG_WARN_ENUM_CONVERSION = YES;
				CLANG_WARN_INT_CONVERSION = YES;
				CLANG_WARN_OBJC_ROOT_CLASS = YES_ERROR;
				CLANG_WARN__DUPLICATE_METHOD_MATCH = YES;
				"CODE_SIGN_IDENTITY[sdk=iphoneos*]" = "iPhone Developer";
				COPY_PHASE_STRIP = YES;
				ENABLE_NS_ASSERTIONS = NO;
				GCC_C_LANGUAGE_STANDARD = gnu99;
				GCC_WARN_64_TO_32_BIT_CONVERSION = YES;
				GCC_WARN_ABOUT_RETURN_TYPE = YES_ERROR;
				GCC_WARN_UNDECLARED_SELECTOR = YES;
				GCC_WARN_UNINITIALIZED_AUTOS = YES_AGGRESSIVE;
				GCC_WARN_UNUSED_FUNCTION = YES;
				GCC_WARN_UNUSED_VARIABLE = YES;
				IPHONEOS_DEPLOYMENT_TARGET = 7.1;
				SDKROOT = iphoneos;
				VALIDATE_PRODUCT = YES;
			};
			name = Release;
		};
		C71D8C131942B62200BEABC2 /* Debug */ = {
			isa = XCBuildConfiguration;
			buildSettings = {
				ASSETCATALOG_COMPILER_APPICON_NAME = AppIcon;
				ASSETCATALOG_COMPILER_LAUNCHIMAGE_NAME = LaunchImage;
				GCC_PRECOMPILE_PREFIX_HEADER = YES;
				GCC_PREFIX_HEADER = "Radar_Animal/Radar_Animal-Prefix.pch";
				INFOPLIST_FILE = "Radar_Animal/Radar_Animal-Info.plist";
				PRODUCT_NAME = "$(TARGET_NAME)";
				WRAPPER_EXTENSION = app;
			};
			name = Debug;
		};
		C71D8C141942B62200BEABC2 /* Release */ = {
			isa = XCBuildConfiguration;
			buildSettings = {
				ASSETCATALOG_COMPILER_APPICON_NAME = AppIcon;
				ASSETCATALOG_COMPILER_LAUNCHIMAGE_NAME = LaunchImage;
				GCC_PRECOMPILE_PREFIX_HEADER = YES;
				GCC_PREFIX_HEADER = "Radar_Animal/Radar_Animal-Prefix.pch";
				INFOPLIST_FILE = "Radar_Animal/Radar_Animal-Info.plist";
				PRODUCT_NAME = "$(TARGET_NAME)";
				WRAPPER_EXTENSION = app;
			};
			name = Release;
		};
		C71D8C161942B62200BEABC2 /* Debug */ = {
			isa = XCBuildConfiguration;
			buildSettings = {
				BUNDLE_LOADER = "$(BUILT_PRODUCTS_DIR)/Radar_Animal.app/Radar_Animal";
				FRAMEWORK_SEARCH_PATHS = (
					"$(SDKROOT)/Developer/Library/Frameworks",
					"$(inherited)",
					"$(DEVELOPER_FRAMEWORKS_DIR)",
				);
				GCC_PRECOMPILE_PREFIX_HEADER = YES;
				GCC_PREFIX_HEADER = "Radar_Animal/Radar_Animal-Prefix.pch";
				GCC_PREPROCESSOR_DEFINITIONS = (
					"DEBUG=1",
					"$(inherited)",
				);
				INFOPLIST_FILE = "Radar_AnimalTests/Radar_AnimalTests-Info.plist";
				PRODUCT_NAME = "$(TARGET_NAME)";
				TEST_HOST = "$(BUNDLE_LOADER)";
				WRAPPER_EXTENSION = xctest;
			};
			name = Debug;
		};
		C71D8C171942B62200BEABC2 /* Release */ = {
			isa = XCBuildConfiguration;
			buildSettings = {
				BUNDLE_LOADER = "$(BUILT_PRODUCTS_DIR)/Radar_Animal.app/Radar_Animal";
				FRAMEWORK_SEARCH_PATHS = (
					"$(SDKROOT)/Developer/Library/Frameworks",
					"$(inherited)",
					"$(DEVELOPER_FRAMEWORKS_DIR)",
				);
				GCC_PRECOMPILE_PREFIX_HEADER = YES;
				GCC_PREFIX_HEADER = "Radar_Animal/Radar_Animal-Prefix.pch";
				INFOPLIST_FILE = "Radar_AnimalTests/Radar_AnimalTests-Info.plist";
				PRODUCT_NAME = "$(TARGET_NAME)";
				TEST_HOST = "$(BUNDLE_LOADER)";
				WRAPPER_EXTENSION = xctest;
			};
			name = Release;
		};
/* End XCBuildConfiguration section */

/* Begin XCConfigurationList section */
		C71D8BDB1942B62200BEABC2 /* Build configuration list for PBXProject "Radar_Animal" */ = {
			isa = XCConfigurationList;
			buildConfigurations = (
				C71D8C101942B62200BEABC2 /* Debug */,
				C71D8C111942B62200BEABC2 /* Release */,
			);
			defaultConfigurationIsVisible = 0;
			defaultConfigurationName = Release;
		};
		C71D8C121942B62200BEABC2 /* Build configuration list for PBXNativeTarget "Radar_Animal" */ = {
			isa = XCConfigurationList;
			buildConfigurations = (
				C71D8C131942B62200BEABC2 /* Debug */,
				C71D8C141942B62200BEABC2 /* Release */,
			);
			defaultConfigurationIsVisible = 0;
			defaultConfigurationName = Release;
		};
		C71D8C151942B62200BEABC2 /* Build configuration list for PBXNativeTarget "Radar_AnimalTests" */ = {
			isa = XCConfigurationList;
			buildConfigurations = (
				C71D8C161942B62200BEABC2 /* Debug */,
				C71D8C171942B62200BEABC2 /* Release */,
			);
			defaultConfigurationIsVisible = 0;
			defaultConfigurationName = Release;
		};
/* End XCConfigurationList section */
	};
	rootObject = C71D8BD81942B62200BEABC2 /* Project object */;
}
